
Microsoft Visual Studio Solution File, Format Version 12.00
# Visual Studio Version 16
VisualStudioVersion = 16.0.30804.86
MinimumVisualStudioVersion = 10.0.40219.1
Project("{FAE04EC0-301F-11D3-BF4B-00C04F79EFBC}") = "GrpcServerSideStreaming", "GrpcServerSideStreaming\GrpcServerSideStreaming.csproj", "{53EBE7EE-E08B-4556-9133-08D9A37411F8}"
EndProject
Project("{FAE04EC0-301F-11D3-BF4B-00C04F79EFBC}") = "grpcClientService", "grpcClientService\grpcClientService.csproj", "{78120B01-1936-4F89-8849-FF093E7423D3}"
EndProject
Global
	GlobalSection(SolutionConfigurationPlatforms) = preSolution
		Debug|Any CPU = Debug|Any CPU
		Release|Any CPU = Release|Any CPU
	EndGlobalSection
	GlobalSection(ProjectConfigurationPlatforms) = postSolution
		{53EBE7EE-E08B-4556-9133-08D9A37411F8}.Debug|Any CPU.ActiveCfg = Debug|Any CPU
		{53EBE7EE-E08B-4556-9133-08D9A37411F8}.Debug|Any CPU.Build.0 = Debug|Any CPU
		{53EBE7EE-E08B-4556-9133-08D9A37411F8}.Release|Any CPU.ActiveCfg = Release|Any CPU
		{53EBE7EE-E08B-4556-9133-08D9A37411F8}.Release|Any CPU.Build.0 = Release|Any CPU
		{78120B01-1936-4F89-8849-FF093E7423D3}.Debug|Any CPU.ActiveCfg = Debug|Any CPU
		{78120B01-1936-4F89-8849-FF093E7423D3}.Debug|Any CPU.Build.0 = Debug|Any CPU
		{78120B01-1936-4F89-8849-FF093E7423D3}.Release|Any CPU.ActiveCfg = Release|Any CPU
		{78120B01-1936-4F89-8849-FF093E7423D3}.Release|Any CPU.Build.0 = Release|Any CPU
	EndGlobalSection
	GlobalSection(SolutionProperties) = preSolution
		HideSolutionNode = FALSE
	EndGlobalSection
	GlobalSection(ExtensibilityGlobals) = postSolution
		SolutionGuid = {3062E26D-9D05-4EE3-9180-4969652785DA}
	EndGlobalSection
EndGlobal
